
Microsoft Visual Studio Solution File, Format Version 12.00
# Visual Studio Version 17
VisualStudioVersion = 17.1.32328.378
MinimumVisualStudioVersion = 10.0.40219.1
Project("{FAE04EC0-301F-11D3-BF4B-00C04F79EFBC}") = "ClassaObjekti", "ClassaObjekti\ClassaObjekti.csproj", "{58FC3581-109D-40ED-9571-679BB0BD82DF}"
EndProject
Global
	GlobalSection(SolutionConfigurationPlatforms) = preSolution
		Debug|Any CPU = Debug|Any CPU
		Release|Any CPU = Release|Any CPU
	EndGlobalSection
	GlobalSection(ProjectConfigurationPlatforms) = postSolution
		{58FC3581-109D-40ED-9571-679BB0BD82DF}.Debug|Any CPU.ActiveCfg = Debug|Any CPU
		{58FC3581-109D-40ED-9571-679BB0BD82DF}.Debug|Any CPU.Build.0 = Debug|Any CPU
		{58FC3581-109D-40ED-9571-679BB0BD82DF}.Release|Any CPU.ActiveCfg = Release|Any CPU
		{58FC3581-109D-40ED-9571-679BB0BD82DF}.Release|Any CPU.Build.0 = Release|Any CPU
	EndGlobalSection
	GlobalSection(SolutionProperties) = preSolution
		HideSolutionNode = FALSE
	EndGlobalSection
	GlobalSection(ExtensibilityGlobals) = postSolution
		SolutionGuid = {6558C194-1517-4503-A024-7124E19FDDB2}
	EndGlobalSection
EndGlobal
